{
  "name": "rx-lokka",
  "version": "0.0.1",
  "lockfileVersion": 1,
  "requires": true,
  "dependencies": {
    "@angular/core": {
      "version": "4.3.6",
      "resolved": "https://registry.npmjs.org/@angular/core/-/core-4.3.6.tgz",
      "integrity": "sha1-u6xj1o0Pe8s4nRKzQghlK+MofpY=",
      "dev": true,
      "requires": {
        "tslib": "1.7.1"
      }
    },
    "@types/node": {
      "version": "8.0.25",
      "resolved": "https://registry.npmjs.org/@types/node/-/node-8.0.25.tgz",
      "integrity": "sha512-zT+t9841g1HsjLtPMCYxmb1U4pcZ2TOegAKiomlmj6bIziuaEYHUavxLE9NRwdntY0vOCrgHho6OXjDX7fm/Kw==",
      "dev": true
    },
    "babel-runtime": {
      "version": "6.26.0",
      "resolved": "https://registry.npmjs.org/babel-runtime/-/babel-runtime-6.26.0.tgz",
      "integrity": "sha1-llxwWGaOgrVde/4E/yM3vItWR/4=",
      "dev": true,
      "requires": {
        "core-js": "2.5.0",
        "regenerator-runtime": "0.11.0"
      }
    },
    "core-js": {
      "version": "2.5.0",
      "resolved": "https://registry.npmjs.org/core-js/-/core-js-2.5.0.tgz",
      "integrity": "sha1-VpwFCRi+ZIazg3VSAorgRmtxcIY=",
      "dev": true
    },
    "lokka": {
      "version": "1.7.0",
      "resolved": "https://registry.npmjs.org/lokka/-/lokka-1.7.0.tgz",
      "integrity": "sha1-qy6DNGEtKv01mqiQR1R7194hBGw=",
      "dev": true,
      "requires": {
        "babel-runtime": "6.26.0",
        "uuid": "2.0.3"
      }
    },
    "regenerator-runtime": {
      "version": "0.11.0",
      "resolved": "https://registry.npmjs.org/regenerator-runtime/-/regenerator-runtime-0.11.0.tgz",
      "integrity": "sha512-/aA0kLeRb5N9K0d4fw7ooEbI+xDe+DKD499EQqygGqeS8N3xto15p09uY2xj7ixP81sNPXvRLnAQIqdVStgb1A==",
      "dev": true
    },
    "rxjs": {
      "version": "5.4.3",
      "resolved": "https://registry.npmjs.org/rxjs/-/rxjs-5.4.3.tgz",
      "integrity": "sha512-fSNi+y+P9ss+EZuV0GcIIqPUK07DEaMRUtLJvdcvMyFjc9dizuDjere+A4V7JrLGnm9iCc+nagV/4QdMTkqC4A==",
      "dev": true,
      "requires": {
        "symbol-observable": "1.0.4"
      }
    },
    "symbol-observable": {
      "version": "1.0.4",
      "resolved": "https://registry.npmjs.org/symbol-observable/-/symbol-observable-1.0.4.tgz",
      "integrity": "sha1-Kb9hXUqnEhvdiYsi1LP5vE4qoD0=",
      "dev": true
    },
    "tslib": {
      "version": "1.7.1",
      "resolved": "https://registry.npmjs.org/tslib/-/tslib-1.7.1.tgz",
      "integrity": "sha1-vIAEFkaRkjp5/oN4u+s9ogF1OOw=",
      "dev": true
    },
    "typescript": {
      "version": "2.3.0",
      "resolved": "https://registry.npmjs.org/typescript/-/typescript-2.3.0.tgz",
      "integrity": "sha1-LmPgkoQ5K8gViiREwz4gk3lcBBg=",
      "dev": true
    },
    "uuid": {
      "version": "2.0.3",
      "resolved": "https://registry.npmjs.org/uuid/-/uuid-2.0.3.tgz",
      "integrity": "sha1-Z+LoY3lyFVMN/zGOW/nc6/1Hsho=",
      "dev": true
    }
  }
}
